
Microsoft Visual Studio Solution File, Format Version 12.00
# Visual Studio 2013
VisualStudioVersion = 12.0.31101.0
MinimumVisualStudioVersion = 10.0.40219.1
Project("{8BC9CEB8-8B4A-11D0-8D11-00A0C91BC942}") = "EngineTest", "EngineTest\EngineTest.vcxproj", "{B175EC88-20F5-4F2B-A10C-0291D365B0EF}"
	ProjectSection(ProjectDependencies) = postProject
		{B7273841-9656-48D5-BC9C-26C600203E4C} = {B7273841-9656-48D5-BC9C-26C600203E4C}
	EndProjectSection
EndProject
Project("{8BC9CEB8-8B4A-11D0-8D11-00A0C91BC942}") = "MAGE3D", "MAGE3D\MAGE3D.vcxproj", "{B7273841-9656-48D5-BC9C-26C600203E4C}"
EndProject
Project("{8BC9CEB8-8B4A-11D0-8D11-00A0C91BC942}") = "PlanetTest", "PlanetTest\PlanetTest.vcxproj", "{06E9C9F4-ED2F-4F37-8552-2B69B8320C9D}"
	ProjectSection(ProjectDependencies) = postProject
		{B7273841-9656-48D5-BC9C-26C600203E4C} = {B7273841-9656-48D5-BC9C-26C600203E4C}
	EndProjectSection
EndProject
Global
	GlobalSection(SolutionConfigurationPlatforms) = preSolution
		Debug|Win32 = Debug|Win32
		Release|Win32 = Release|Win32
	EndGlobalSection
	GlobalSection(ProjectConfigurationPlatforms) = postSolution
		{B175EC88-20F5-4F2B-A10C-0291D365B0EF}.Debug|Win32.ActiveCfg = Debug|Win32
		{B175EC88-20F5-4F2B-A10C-0291D365B0EF}.Debug|Win32.Build.0 = Debug|Win32
		{B175EC88-20F5-4F2B-A10C-0291D365B0EF}.Release|Win32.ActiveCfg = Release|Win32
		{B175EC88-20F5-4F2B-A10C-0291D365B0EF}.Release|Win32.Build.0 = Release|Win32
		{B7273841-9656-48D5-BC9C-26C600203E4C}.Debug|Win32.ActiveCfg = Debug|Win32
		{B7273841-9656-48D5-BC9C-26C600203E4C}.Debug|Win32.Build.0 = Debug|Win32
		{B7273841-9656-48D5-BC9C-26C600203E4C}.Release|Win32.ActiveCfg = Release|Win32
		{B7273841-9656-48D5-BC9C-26C600203E4C}.Release|Win32.Build.0 = Release|Win32
		{06E9C9F4-ED2F-4F37-8552-2B69B8320C9D}.Debug|Win32.ActiveCfg = Debug|Win32
		{06E9C9F4-ED2F-4F37-8552-2B69B8320C9D}.Debug|Win32.Build.0 = Debug|Win32
		{06E9C9F4-ED2F-4F37-8552-2B69B8320C9D}.Release|Win32.ActiveCfg = Release|Win32
		{06E9C9F4-ED2F-4F37-8552-2B69B8320C9D}.Release|Win32.Build.0 = Release|Win32
	EndGlobalSection
	GlobalSection(SolutionProperties) = preSolution
		HideSolutionNode = FALSE
	EndGlobalSection
EndGlobal
